allOf:
  - $ref: ./object.yaml
  - additionalProperties: true
    type: object
    title: Deployment Environment Lock
    description: A Bitbucket Deployment Environment Lock.
    properties:
      environmentUuid:
        type: string
        description: The UUID identifying the environment.
x-bb-default-fields:
  - '*'
  - lock_opener.*
  - owner.*
x-bb-batch-url: >-
  /rest/2.0/accounts/{target_user.uuid}/repositories/{repository.uuid}/environments/locks_batch
x-bb-batch-max-size: 100
